
Microsoft Visual Studio Solution File, Format Version 12.00
# Visual Studio Version 17
VisualStudioVersion = 17.9.34723.18
MinimumVisualStudioVersion = 10.0.40219.1
Project("{9A19103F-16F7-4668-BE54-9A1E7A4F7556}") = "01_TimerOne", "TimerOne\01_TimerOne.csproj", "{F106641C-CA65-4EB8-93B2-4220C9F8D81A}"
EndProject
Project("{9A19103F-16F7-4668-BE54-9A1E7A4F7556}") = "02_TimerTwo", "TimerTwo\02_TimerTwo.csproj", "{7EE79DB4-A31F-433C-B4B3-2D0EC8212E5A}"
EndProject
Project("{9A19103F-16F7-4668-BE54-9A1E7A4F7556}") = "03_TimerThree", "TimerThree\03_TimerThree.csproj", "{C9E9975F-C5E0-4BCE-BA72-51E49D9F2FCE}"
EndProject
Project("{FAE04EC0-301F-11D3-BF4B-00C04F79EFBC}") = "04_TimerFour", "TimerFour\04_TimerFour.csproj", "{7CE8AB34-4BC7-4F28-A484-747BEAB60F5B}"
EndProject
Global
	GlobalSection(SolutionConfigurationPlatforms) = preSolution
		Debug|Any CPU = Debug|Any CPU
		Release|Any CPU = Release|Any CPU
	EndGlobalSection
	GlobalSection(ProjectConfigurationPlatforms) = postSolution
		{F106641C-CA65-4EB8-93B2-4220C9F8D81A}.Debug|Any CPU.ActiveCfg = Debug|Any CPU
		{F106641C-CA65-4EB8-93B2-4220C9F8D81A}.Debug|Any CPU.Build.0 = Debug|Any CPU
		{F106641C-CA65-4EB8-93B2-4220C9F8D81A}.Release|Any CPU.ActiveCfg = Release|Any CPU
		{F106641C-CA65-4EB8-93B2-4220C9F8D81A}.Release|Any CPU.Build.0 = Release|Any CPU
		{7EE79DB4-A31F-433C-B4B3-2D0EC8212E5A}.Debug|Any CPU.ActiveCfg = Debug|Any CPU
		{7EE79DB4-A31F-433C-B4B3-2D0EC8212E5A}.Debug|Any CPU.Build.0 = Debug|Any CPU
		{7EE79DB4-A31F-433C-B4B3-2D0EC8212E5A}.Release|Any CPU.ActiveCfg = Release|Any CPU
		{7EE79DB4-A31F-433C-B4B3-2D0EC8212E5A}.Release|Any CPU.Build.0 = Release|Any CPU
		{C9E9975F-C5E0-4BCE-BA72-51E49D9F2FCE}.Debug|Any CPU.ActiveCfg = Debug|Any CPU
		{C9E9975F-C5E0-4BCE-BA72-51E49D9F2FCE}.Debug|Any CPU.Build.0 = Debug|Any CPU
		{C9E9975F-C5E0-4BCE-BA72-51E49D9F2FCE}.Release|Any CPU.ActiveCfg = Release|Any CPU
		{C9E9975F-C5E0-4BCE-BA72-51E49D9F2FCE}.Release|Any CPU.Build.0 = Release|Any CPU
		{7CE8AB34-4BC7-4F28-A484-747BEAB60F5B}.Debug|Any CPU.ActiveCfg = Debug|Any CPU
		{7CE8AB34-4BC7-4F28-A484-747BEAB60F5B}.Debug|Any CPU.Build.0 = Debug|Any CPU
		{7CE8AB34-4BC7-4F28-A484-747BEAB60F5B}.Release|Any CPU.ActiveCfg = Release|Any CPU
		{7CE8AB34-4BC7-4F28-A484-747BEAB60F5B}.Release|Any CPU.Build.0 = Release|Any CPU
	EndGlobalSection
	GlobalSection(SolutionProperties) = preSolution
		HideSolutionNode = FALSE
	EndGlobalSection
	GlobalSection(ExtensibilityGlobals) = postSolution
		SolutionGuid = {EBEF32DD-209B-4558-854E-DBE135951A81}
	EndGlobalSection
EndGlobal
